// !$*UTF8*$!
{
	archiveVersion = 1;
	classes = {
	};
	objectVersion = 50;
	objects = {

/* Begin PBXBuildFile section */
		FE31AA7125586F7200033539 /* Golib.framework in Frameworks */ = {isa = PBXBuildFile; fileRef = FE31AA7025586F7200033539 /* Golib.framework */; };
		FE5E33C42492355200C4C27F /* AppDelegate.swift in Sources */ = {isa = PBXBuildFile; fileRef = FE5E33C32492355200C4C27F /* AppDelegate.swift */; };
		FE5E33C62492355200C4C27F /* SceneDelegate.swift in Sources */ = {isa = PBXBuildFile; fileRef = FE5E33C52492355200C4C27F /* SceneDelegate.swift */; };
		FE5E33CA2492355400C4C27F /* Assets.xcassets in Resources */ = {isa = PBXBuildFile; fileRef = FE5E33C92492355400C4C27F /* Assets.xcassets */; };
		FE5E33D02492355400C4C27F /* LaunchScreen.storyboard in Resources */ = {isa = PBXBuildFile; fileRef = FE5E33CE2492355400C4C27F /* LaunchScreen.storyboard */; };
		FE5E33D82492360500C4C27F /* Main.storyboard in Resources */ = {isa = PBXBuildFile; fileRef = FE5E33D72492360500C4C27F /* Main.storyboard */; };
		FE5E33DA2492374A00C4C27F /* Viewcontroller.swift in Sources */ = {isa = PBXBuildFile; fileRef = FE5E33D92492374A00C4C27F /* Viewcontroller.swift */; };
		FE5E33DD24923CE400C4C27F /* WebKit.framework in Frameworks */ = {isa = PBXBuildFile; fileRef = FE5E33DC24923CE400C4C27F /* WebKit.framework */; };
/* End PBXBuildFile section */

/* Begin PBXCopyFilesBuildPhase section */
		FE31AA6A25583E5900033539 /* Embed Frameworks */ = {
			isa = PBXCopyFilesBuildPhase;
			buildActionMask = 2147483647;
			dstPath = "";
			dstSubfolderSpec = 10;
			files = (
			);
			name = "Embed Frameworks";
			runOnlyForDeploymentPostprocessing = 0;
		};
/* End PBXCopyFilesBuildPhase section */

/* Begin PBXFileReference section */
		FE31AA7025586F7200033539 /* Golib.framework */ = {isa = PBXFileReference; lastKnownFileType = wrapper.framework; name = Golib.framework; path = WebView/Frameworks/Golib.framework; sourceTree = "<group>"; };
		FE5E33C02492355200C4C27F /* WebView.app */ = {isa = PBXFileReference; explicitFileType = wrapper.application; includeInIndex = 0; path = WebView.app; sourceTree = BUILT_PRODUCTS_DIR; };
		FE5E33C32492355200C4C27F /* AppDelegate.swift */ = {isa = PBXFileReference; lastKnownFileType = sourcecode.swift; path = AppDelegate.swift; sourceTree = "<group>"; };
		FE5E33C52492355200C4C27F /* SceneDelegate.swift */ = {isa = PBXFileReference; lastKnownFileType = sourcecode.swift; path = SceneDelegate.swift; sourceTree = "<group>"; };
		FE5E33C92492355400C4C27F /* Assets.xcassets */ = {isa = PBXFileReference; lastKnownFileType = folder.assetcatalog; path = Assets.xcassets; sourceTree = "<group>"; };
		FE5E33CF2492355400C4C27F /* Base */ = {isa = PBXFileReference; lastKnownFileType = file.storyboard; name = Base; path = Base.lproj/LaunchScreen.storyboard; sourceTree = "<group>"; };
		FE5E33D12492355400C4C27F /* Info.plist */ = {isa = PBXFileReference; lastKnownFileType = text.plist.xml; path = Info.plist; sourceTree = "<group>"; };
		FE5E33D72492360500C4C27F /* Main.storyboard */ = {isa = PBXFileReference; lastKnownFileType = file.storyboard; path = Main.storyboard; sourceTree = "<group>"; };
		FE5E33D92492374A00C4C27F /* Viewcontroller.swift */ = {isa = PBXFileReference; lastKnownFileType = sourcecode.swift; path = Viewcontroller.swift; sourceTree = "<group>"; };
		FE5E33DC24923CE400C4C27F /* WebKit.framework */ = {isa = PBXFileReference; lastKnownFileType = wrapper.framework; name = WebKit.framework; path = System/Library/Frameworks/WebKit.framework; sourceTree = SDKROOT; };
/* End PBXFileReference section */

/* Begin PBXFrameworksBuildPhase section */
		FE5E33BD2492355200C4C27F /* Frameworks */ = {
			isa = PBXFrameworksBuildPhase;
			buildActionMask = 2147483647;
			files = (
				FE31AA7125586F7200033539 /* Golib.framework in Frameworks */,
				FE5E33DD24923CE400C4C27F /* WebKit.framework in Frameworks */,
			);
			runOnlyForDeploymentPostprocessing = 0;
		};
/* End PBXFrameworksBuildPhase section */

/* Begin PBXGroup section */
		FE5E33B72492355200C4C27F = {
			isa = PBXGroup;
			children = (
				FE5E33C22492355200C4C27F /* WebView */,
				FE5E33C12492355200C4C27F /* Products */,
				FE5E33DB24923CE400C4C27F /* Frameworks */,
			);
			sourceTree = "<group>";
		};
		FE5E33C12492355200C4C27F /* Products */ = {
			isa = PBXGroup;
			children = (
				FE5E33C02492355200C4C27F /* WebView.app */,
			);
			name = Products;
			sourceTree = "<group>";
		};
		FE5E33C22492355200C4C27F /* WebView */ = {
			isa = PBXGroup;
			children = (
				FE5E33C32492355200C4C27F /* AppDelegate.swift */,
				FE5E33C52492355200C4C27F /* SceneDelegate.swift */,
				FE5E33D92492374A00C4C27F /* Viewcontroller.swift */,
				FE5E33D72492360500C4C27F /* Main.storyboard */,
				FE5E33C92492355400C4C27F /* Assets.xcassets */,
				FE5E33CE2492355400C4C27F /* LaunchScreen.storyboard */,
				FE5E33D12492355400C4C27F /* Info.plist */,
			);
			path = WebView;
			sourceTree = "<group>";
		};
		FE5E33DB24923CE400C4C27F /* Frameworks */ = {
			isa = PBXGroup;
			children = (
				FE5E33DC24923CE400C4C27F /* WebKit.framework */,
				FE31AA7025586F7200033539 /* Golib.framework */,
			);
			name = Frameworks;
			sourceTree = "<group>";
		};
/* End PBXGroup section */

/* Begin PBXNativeTarget section */
		FE5E33BF2492355200C4C27F /* WebView */ = {
			isa = PBXNativeTarget;
			buildConfigurationList = FE5E33D42492355400C4C27F /* Build configuration list for PBXNativeTarget "WebView" */;
			buildPhases = (
				FE5E33BC2492355200C4C27F /* Sources */,
				FE5E33BD2492355200C4C27F /* Frameworks */,
				FE5E33BE2492355200C4C27F /* Resources */,
				FE31AA6A25583E5900033539 /* Embed Frameworks */,
			);
			buildRules = (
			);
			dependencies = (
			);
			name = WebView;
			productName = WebView;
			productReference = FE5E33C02492355200C4C27F /* WebView.app */;
			productType = "com.apple.product-type.application";
		};
/* End PBXNativeTarget section */

/* Begin PBXProject section */
		FE5E33B82492355200C4C27F /* Project object */ = {
			isa = PBXProject;
			attributes = {
				LastSwiftUpdateCheck = 1150;
				LastUpgradeCheck = 1150;
				TargetAttributes = {
					FE5E33BF2492355200C4C27F = {
						CreatedOnToolsVersion = 11.5;
					};
				};
			};
			buildConfigurationList = FE5E33BB2492355200C4C27F /* Build configuration list for PBXProject "WebView" */;
			compatibilityVersion = "Xcode 9.3";
			developmentRegion = en;
			hasScannedForEncodings = 0;
			knownRegions = (
				en,
				Base,
			);
			mainGroup = FE5E33B72492355200C4C27F;
			productRefGroup = FE5E33C12492355200C4C27F /* Products */;
			projectDirPath = "";
			projectRoot = "";
			targets = (
				FE5E33BF2492355200C4C27F /* WebView */,
			);
		};
/* End PBXProject section */

/* Begin PBXResourcesBuildPhase section */
		FE5E33BE2492355200C4C27F /* Resources */ = {
			isa = PBXResourcesBuildPhase;
			buildActionMask = 2147483647;
			files = (
				FE5E33D02492355400C4C27F /* LaunchScreen.storyboard in Resources */,
				FE5E33CA2492355400C4C27F /* Assets.xcassets in Resources */,
				FE5E33D82492360500C4C27F /* Main.storyboard in Resources */,
			);
			runOnlyForDeploymentPostprocessing = 0;
		};
/* End PBXResourcesBuildPhase section */

/* Begin PBXSourcesBuildPhase section */
		FE5E33BC2492355200C4C27F /* Sources */ = {
			isa = PBXSourcesBuildPhase;
			buildActionMask = 2147483647;
			files = (
				FE5E33C42492355200C4C27F /* AppDelegate.swift in Sources */,
				FE5E33C62492355200C4C27F /* SceneDelegate.swift in Sources */,
				FE5E33DA2492374A00C4C27F /* Viewcontroller.swift in Sources */,
			);
			runOnlyForDeploymentPostprocessing = 0;
		};
/* End PBXSourcesBuildPhase section */

/* Begin PBXVariantGroup section */
		FE5E33CE2492355400C4C27F /* LaunchScreen.storyboard */ = {
			isa = PBXVariantGroup;
			children = (
				FE5E33CF2492355400C4C27F /* Base */,
			);
			name = LaunchScreen.storyboard;
			sourceTree = "<group>";
		};
/* End PBXVariantGroup section */

/* Begin XCBuildConfiguration section */
		FE5E33D22492355400C4C27F /* Debug */ = {
			isa = XCBuildConfiguration;
			buildSettings = {
				ALWAYS_SEARCH_USER_PATHS = NO;
				CLANG_ANALYZER_NONNULL = YES;
				CLANG_ANALYZER_NUMBER_OBJECT_CONVERSION = YES_AGGRESSIVE;
				CLANG_CXX_LANGUAGE_STANDARD = "gnu++14";
				CLANG_CXX_LIBRARY = "libc++";
				CLANG_ENABLE_MODULES = YES;
				CLANG_ENABLE_OBJC_ARC = YES;
				CLANG_ENABLE_OBJC_WEAK = YES;
				CLANG_WARN_BLOCK_CAPTURE_AUTORELEASING = YES;
				CLANG_WARN_BOOL_CONVERSION = YES;
				CLANG_WARN_COMMA = YES;
				CLANG_WARN_CONSTANT_CONVERSION = YES;
				CLANG_WARN_DEPRECATED_OBJC_IMPLEMENTATIONS = YES;
				CLANG_WARN_DIRECT_OBJC_ISA_USAGE = YES_ERROR;
				CLANG_WARN_DOCUMENTATION_COMMENTS = YES;
				CLANG_WARN_EMPTY_BODY = YES;
				CLANG_WARN_ENUM_CONVERSION = YES;
				CLANG_WARN_INFINITE_RECURSION = YES;
				CLANG_WARN_INT_CONVERSION = YES;
				CLANG_WARN_NON_LITERAL_NULL_CONVERSION = YES;
				CLANG_WARN_OBJC_IMPLICIT_RETAIN_SELF = YES;
				CLANG_WARN_OBJC_LITERAL_CONVERSION = YES;
				CLANG_WARN_OBJC_ROOT_CLASS = YES_ERROR;
				CLANG_WARN_RANGE_LOOP_ANALYSIS = YES;
				CLANG_WARN_STRICT_PROTOTYPES = YES;
				CLANG_WARN_SUSPICIOUS_MOVE = YES;
				CLANG_WARN_UNGUARDED_AVAILABILITY = YES_AGGRESSIVE;
				CLANG_WARN_UNREACHABLE_CODE = YES;
				CLANG_WARN__DUPLICATE_METHOD_MATCH = YES;
				COPY_PHASE_STRIP = NO;
				DEBUG_INFORMATION_FORMAT = dwarf;
				ENABLE_BITCODE = NO;
				ENABLE_STRICT_OBJC_MSGSEND = YES;
				ENABLE_TESTABILITY = YES;
				GCC_C_LANGUAGE_STANDARD = gnu11;
				GCC_DYNAMIC_NO_PIC = NO;
				GCC_NO_COMMON_BLOCKS = YES;
				GCC_OPTIMIZATION_LEVEL = 0;
				GCC_PREPROCESSOR_DEFINITIONS = (
					"DEBUG=1",
					"$(inherited)",
				);
				GCC_WARN_64_TO_32_BIT_CONVERSION = YES;
				GCC_WARN_ABOUT_RETURN_TYPE = YES_ERROR;
				GCC_WARN_UNDECLARED_SELECTOR = YES;
				GCC_WARN_UNINITIALIZED_AUTOS = YES_AGGRESSIVE;
				GCC_WARN_UNUSED_FUNCTION = YES;
				GCC_WARN_UNUSED_VARIABLE = YES;
				IPHONEOS_DEPLOYMENT_TARGET = 13.5;
				MTL_ENABLE_DEBUG_INFO = INCLUDE_SOURCE;
				MTL_FAST_MATH = YES;
				ONLY_ACTIVE_ARCH = YES;
				SDKROOT = iphoneos;
				SWIFT_ACTIVE_COMPILATION_CONDITIONS = DEBUG;
				SWIFT_OPTIMIZATION_LEVEL = "-Onone";
			};
			name = Debug;
		};
		FE5E33D32492355400C4C27F /* Release */ = {
			isa = XCBuildConfiguration;
			buildSettings = {
				ALWAYS_SEARCH_USER_PATHS = NO;
				CLANG_ANALYZER_NONNULL = YES;
				CLANG_ANALYZER_NUMBER_OBJECT_CONVERSION = YES_AGGRESSIVE;
				CLANG_CXX_LANGUAGE_STANDARD = "gnu++14";
				CLANG_CXX_LIBRARY = "libc++";
				CLANG_ENABLE_MODULES = YES;
				CLANG_ENABLE_OBJC_ARC = YES;
				CLANG_ENABLE_OBJC_WEAK = YES;
				CLANG_WARN_BLOCK_CAPTURE_AUTORELEASING = YES;
				CLANG_WARN_BOOL_CONVERSION = YES;
				CLANG_WARN_COMMA = YES;
				CLANG_WARN_CONSTANT_CONVERSION = YES;
				CLANG_WARN_DEPRECATED_OBJC_IMPLEMENTATIONS = YES;
				CLANG_WARN_DIRECT_OBJC_ISA_USAGE = YES_ERROR;
				CLANG_WARN_DOCUMENTATION_COMMENTS = YES;
				CLANG_WARN_EMPTY_BODY = YES;
				CLANG_WARN_ENUM_CONVERSION = YES;
				CLANG_WARN_INFINITE_RECURSION = YES;
				CLANG_WARN_INT_CONVERSION = YES;
				CLANG_WARN_NON_LITERAL_NULL_CONVERSION = YES;
				CLANG_WARN_OBJC_IMPLICIT_RETAIN_SELF = YES;
				CLANG_WARN_OBJC_LITERAL_CONVERSION = YES;
				CLANG_WARN_OBJC_ROOT_CLASS = YES_ERROR;
				CLANG_WARN_RANGE_LOOP_ANALYSIS = YES;
				CLANG_WARN_STRICT_PROTOTYPES = YES;
				CLANG_WARN_SUSPICIOUS_MOVE = YES;
				CLANG_WARN_UNGUARDED_AVAILABILITY = YES_AGGRESSIVE;
				CLANG_WARN_UNREACHABLE_CODE = YES;
				CLANG_WARN__DUPLICATE_METHOD_MATCH = YES;
				COPY_PHASE_STRIP = NO;
				DEBUG_INFORMATION_FORMAT = "dwarf-with-dsym";
				ENABLE_BITCODE = NO;
				ENABLE_NS_ASSERTIONS = NO;
				ENABLE_STRICT_OBJC_MSGSEND = YES;
				GCC_C_LANGUAGE_STANDARD = gnu11;
				GCC_NO_COMMON_BLOCKS = YES;
				GCC_WARN_64_TO_32_BIT_CONVERSION = YES;
				GCC_WARN_ABOUT_RETURN_TYPE = YES_ERROR;
				GCC_WARN_UNDECLARED_SELECTOR = YES;
				GCC_WARN_UNINITIALIZED_AUTOS = YES_AGGRESSIVE;
				GCC_WARN_UNUSED_FUNCTION = YES;
				GCC_WARN_UNUSED_VARIABLE = YES;
				IPHONEOS_DEPLOYMENT_TARGET = 13.5;
				MTL_ENABLE_DEBUG_INFO = NO;
				MTL_FAST_MATH = YES;
				SDKROOT = iphoneos;
				SWIFT_COMPILATION_MODE = wholemodule;
				SWIFT_OPTIMIZATION_LEVEL = "-O";
				VALIDATE_PRODUCT = YES;
			};
			name = Release;
		};
		FE5E33D52492355400C4C27F /* Debug */ = {
			isa = XCBuildConfiguration;
			buildSettings = {
				ASSETCATALOG_COMPILER_APPICON_NAME = AppIcon;
				CODE_SIGN_STYLE = Automatic;
				DEVELOPMENT_ASSET_PATHS = "";
				DEVELOPMENT_TEAM = FKM33RN87W;
				ENABLE_BITCODE = NO;
				ENABLE_PREVIEWS = YES;
				FRAMEWORK_SEARCH_PATHS = (
					"$(inherited)",
					"$(PROJECT_DIR)/WebView/Frameworks",
					"$(PROJECT_DIR)/WebView",
				);
				INFOPLIST_FILE = WebView/Info.plist;
				IPHONEOS_DEPLOYMENT_TARGET = 13.4;
				LD_RUNPATH_SEARCH_PATHS = (
					"$(inherited)",
					"@executable_path/Frameworks",
				);
				PRODUCT_BUNDLE_IDENTIFIER = com.chilimonanta.ios.webview.WebView;
				PRODUCT_NAME = "$(TARGET_NAME)";
				SWIFT_VERSION = 5.0;
				TARGETED_DEVICE_FAMILY = "1,2";
			};
			name = Debug;
		};
		FE5E33D62492355400C4C27F /* Release */ = {
			isa = XCBuildConfiguration;
			buildSettings = {
				ASSETCATALOG_COMPILER_APPICON_NAME = AppIcon;
				CODE_SIGN_STYLE = Automatic;
				DEVELOPMENT_ASSET_PATHS = "";
				DEVELOPMENT_TEAM = FKM33RN87W;
				ENABLE_BITCODE = NO;
				ENABLE_PREVIEWS = YES;
				FRAMEWORK_SEARCH_PATHS = (
					"$(inherited)",
					"$(PROJECT_DIR)/WebView/Frameworks",
					"$(PROJECT_DIR)/WebView",
				);
				INFOPLIST_FILE = WebView/Info.plist;
				IPHONEOS_DEPLOYMENT_TARGET = 13.4;
				LD_RUNPATH_SEARCH_PATHS = (
					"$(inherited)",
					"@executable_path/Frameworks",
				);
				PRODUCT_BUNDLE_IDENTIFIER = com.chilimonanta.ios.webview.WebView;
				PRODUCT_NAME = "$(TARGET_NAME)";
				SWIFT_VERSION = 5.0;
				TARGETED_DEVICE_FAMILY = "1,2";
			};
			name = Release;
		};
/* End XCBuildConfiguration section */

/* Begin XCConfigurationList section */
		FE5E33BB2492355200C4C27F /* Build configuration list for PBXProject "WebView" */ = {
			isa = XCConfigurationList;
			buildConfigurations = (
				FE5E33D22492355400C4C27F /* Debug */,
				FE5E33D32492355400C4C27F /* Release */,
			);
			defaultConfigurationIsVisible = 0;
			defaultConfigurationName = Release;
		};
		FE5E33D42492355400C4C27F /* Build configuration list for PBXNativeTarget "WebView" */ = {
			isa = XCConfigurationList;
			buildConfigurations = (
				FE5E33D52492355400C4C27F /* Debug */,
				FE5E33D62492355400C4C27F /* Release */,
			);
			defaultConfigurationIsVisible = 0;
			defaultConfigurationName = Release;
		};
/* End XCConfigurationList section */
	};
	rootObject = FE5E33B82492355200C4C27F /* Project object */;
}
